<Solution>
  <Project Path="forks.hashgraph.hedera-sdk-reference/Hiero.Reference.csproj" />
  <Project Path="forks.hiero-ledger.hiero-consensus-node/Hiero.Proto.csproj" />
  <Project Path="Hiero.SDK/Hiero.SDK.csproj" />
  <Project Path="Hiero.Tests.Integration/Hiero.Tests.Integration.csproj" />
  <Project Path="Hiero.Tests.SDK/Hiero.Tests.SDK.csproj" />
  <Project Path="Hiero/Hiero.csproj" Id="36f754ee-b88a-4fe8-a2ec-c31cd4c73492" />
</Solution>
